
Microsoft Visual Studio Solution File, Format Version 12.00
# Visual Studio Version 17
VisualStudioVersion = 17.10.35122.118
MinimumVisualStudioVersion = 10.0.40219.1
Project("{FAE04EC0-301F-11D3-BF4B-00C04F79EFBC}") = "Restful API Development Challenge", "Restful API Development Challenge\Restful API Development Challenge.csproj", "{619B282D-3A71-4E44-807E-8C50CED4D142}"
EndProject
Global
	GlobalSection(SolutionConfigurationPlatforms) = preSolution
		Debug|Any CPU = Debug|Any CPU
		Release|Any CPU = Release|Any CPU
	EndGlobalSection
	GlobalSection(ProjectConfigurationPlatforms) = postSolution
		{619B282D-3A71-4E44-807E-8C50CED4D142}.Debug|Any CPU.ActiveCfg = Debug|Any CPU
		{619B282D-3A71-4E44-807E-8C50CED4D142}.Debug|Any CPU.Build.0 = Debug|Any CPU
		{619B282D-3A71-4E44-807E-8C50CED4D142}.Release|Any CPU.ActiveCfg = Release|Any CPU
		{619B282D-3A71-4E44-807E-8C50CED4D142}.Release|Any CPU.Build.0 = Release|Any CPU
	EndGlobalSection
	GlobalSection(SolutionProperties) = preSolution
		HideSolutionNode = FALSE
	EndGlobalSection
	GlobalSection(ExtensibilityGlobals) = postSolution
		SolutionGuid = {74B9C4F1-878F-47F1-8457-47CDD24E9D2F}
	EndGlobalSection
EndGlobal
